{
  "requires": true,
  "lockfileVersion": 1,
  "dependencies": {
    "pyright": {
      "version": "1.1.152",
      "resolved": "https://registry.npmjs.org/pyright/-/pyright-1.1.152.tgz",
      "integrity": "sha512-mHSJ46fEm/9U42eU6ofUwm8mjkOrbHQazduZtrhj5dMgKEK0WU/azWrMU2Y9L6s0IY1yVH9JENh2o8QtDvvkHw=="
    }
  }
}
