{
  "requires": true,
  "lockfileVersion": 1,
  "dependencies": {
    "pyright": {
      "version": "1.1.151",
      "resolved": "https://registry.npmjs.org/pyright/-/pyright-1.1.151.tgz",
      "integrity": "sha512-R/Zr6VqXghuFLm7y3a8HoCrA+mfy+Zp+mp6P8gFZeJO9Rl1kQLJhfc/y4QKSQHZWxXOBGo+AFDi/rWLZfNBEgQ=="
    }
  }
}
