{
  "requires": true,
  "lockfileVersion": 1,
  "dependencies": {
    "pyright": {
      "version": "1.1.140",
      "resolved": "https://registry.npmjs.org/pyright/-/pyright-1.1.140.tgz",
      "integrity": "sha512-isJj7cahjEK7xAy5/aLJ4TfzLJGA4SCWqPk1pLJA3k8S6VUo4FIiPrvHOd1LM2gxImqgef4rwUeHRC+vrOKLRQ=="
    }
  }
}
